
Microsoft Visual Studio Solution File, Format Version 12.00
# Visual Studio Version 17
VisualStudioVersion = 17.5.2.0
MinimumVisualStudioVersion = 10.0.40219.1
Project("{FAE04EC0-301F-11D3-BF4B-00C04F79EFBC}") = "SM.WebPwa", "SM.WebPwa\SM.WebPwa.csproj", "{EE6C0978-A0B4-8AC0-E1C1-EDF7C5483DE5}"
EndProject
Project("{FAE04EC0-301F-11D3-BF4B-00C04F79EFBC}") = "SM.WebApi", "SM.WebApi\SM.WebApi.csproj", "{F36E091A-D798-4B74-8A33-373E3860C5A6}"
EndProject
Project("{FAE04EC0-301F-11D3-BF4B-00C04F79EFBC}") = "SM.Shared", "SM.Shared\SM.Shared.csproj", "{4B7D9F0C-2DB8-4273-A407-A10B53C6A541}"
EndProject
Global
	GlobalSection(SolutionConfigurationPlatforms) = preSolution
		Debug|Any CPU = Debug|Any CPU
		Debug|x64 = Debug|x64
		Debug|x86 = Debug|x86
		Release|Any CPU = Release|Any CPU
		Release|x64 = Release|x64
		Release|x86 = Release|x86
	EndGlobalSection
	GlobalSection(ProjectConfigurationPlatforms) = postSolution
		{EE6C0978-A0B4-8AC0-E1C1-EDF7C5483DE5}.Debug|Any CPU.ActiveCfg = Debug|Any CPU
		{EE6C0978-A0B4-8AC0-E1C1-EDF7C5483DE5}.Debug|Any CPU.Build.0 = Debug|Any CPU
		{EE6C0978-A0B4-8AC0-E1C1-EDF7C5483DE5}.Debug|x64.ActiveCfg = Debug|Any CPU
		{EE6C0978-A0B4-8AC0-E1C1-EDF7C5483DE5}.Debug|x64.Build.0 = Debug|Any CPU
		{EE6C0978-A0B4-8AC0-E1C1-EDF7C5483DE5}.Debug|x86.ActiveCfg = Debug|Any CPU
		{EE6C0978-A0B4-8AC0-E1C1-EDF7C5483DE5}.Debug|x86.Build.0 = Debug|Any CPU
		{EE6C0978-A0B4-8AC0-E1C1-EDF7C5483DE5}.Release|Any CPU.ActiveCfg = Release|Any CPU
		{EE6C0978-A0B4-8AC0-E1C1-EDF7C5483DE5}.Release|Any CPU.Build.0 = Release|Any CPU
		{EE6C0978-A0B4-8AC0-E1C1-EDF7C5483DE5}.Release|x64.ActiveCfg = Release|Any CPU
		{EE6C0978-A0B4-8AC0-E1C1-EDF7C5483DE5}.Release|x64.Build.0 = Release|Any CPU
		{EE6C0978-A0B4-8AC0-E1C1-EDF7C5483DE5}.Release|x86.ActiveCfg = Release|Any CPU
		{EE6C0978-A0B4-8AC0-E1C1-EDF7C5483DE5}.Release|x86.Build.0 = Release|Any CPU
		{F36E091A-D798-4B74-8A33-373E3860C5A6}.Debug|Any CPU.ActiveCfg = Debug|Any CPU
		{F36E091A-D798-4B74-8A33-373E3860C5A6}.Debug|Any CPU.Build.0 = Debug|Any CPU
		{F36E091A-D798-4B74-8A33-373E3860C5A6}.Debug|x64.ActiveCfg = Debug|Any CPU
		{F36E091A-D798-4B74-8A33-373E3860C5A6}.Debug|x64.Build.0 = Debug|Any CPU
		{F36E091A-D798-4B74-8A33-373E3860C5A6}.Debug|x86.ActiveCfg = Debug|Any CPU
		{F36E091A-D798-4B74-8A33-373E3860C5A6}.Debug|x86.Build.0 = Debug|Any CPU
		{F36E091A-D798-4B74-8A33-373E3860C5A6}.Release|Any CPU.ActiveCfg = Release|Any CPU
		{F36E091A-D798-4B74-8A33-373E3860C5A6}.Release|Any CPU.Build.0 = Release|Any CPU
		{F36E091A-D798-4B74-8A33-373E3860C5A6}.Release|x64.ActiveCfg = Release|Any CPU
		{F36E091A-D798-4B74-8A33-373E3860C5A6}.Release|x64.Build.0 = Release|Any CPU
		{F36E091A-D798-4B74-8A33-373E3860C5A6}.Release|x86.ActiveCfg = Release|Any CPU
		{F36E091A-D798-4B74-8A33-373E3860C5A6}.Release|x86.Build.0 = Release|Any CPU
		{4B7D9F0C-2DB8-4273-A407-A10B53C6A541}.Debug|Any CPU.ActiveCfg = Debug|Any CPU
		{4B7D9F0C-2DB8-4273-A407-A10B53C6A541}.Debug|Any CPU.Build.0 = Debug|Any CPU
		{4B7D9F0C-2DB8-4273-A407-A10B53C6A541}.Debug|x64.ActiveCfg = Debug|Any CPU
		{4B7D9F0C-2DB8-4273-A407-A10B53C6A541}.Debug|x64.Build.0 = Debug|Any CPU
		{4B7D9F0C-2DB8-4273-A407-A10B53C6A541}.Debug|x86.ActiveCfg = Debug|Any CPU
		{4B7D9F0C-2DB8-4273-A407-A10B53C6A541}.Debug|x86.Build.0 = Debug|Any CPU
		{4B7D9F0C-2DB8-4273-A407-A10B53C6A541}.Release|Any CPU.ActiveCfg = Release|Any CPU
		{4B7D9F0C-2DB8-4273-A407-A10B53C6A541}.Release|Any CPU.Build.0 = Release|Any CPU
		{4B7D9F0C-2DB8-4273-A407-A10B53C6A541}.Release|x64.ActiveCfg = Release|Any CPU
		{4B7D9F0C-2DB8-4273-A407-A10B53C6A541}.Release|x64.Build.0 = Release|Any CPU
		{4B7D9F0C-2DB8-4273-A407-A10B53C6A541}.Release|x86.ActiveCfg = Release|Any CPU
		{4B7D9F0C-2DB8-4273-A407-A10B53C6A541}.Release|x86.Build.0 = Release|Any CPU
	EndGlobalSection
	GlobalSection(SolutionProperties) = preSolution
		HideSolutionNode = FALSE
	EndGlobalSection
	GlobalSection(ExtensibilityGlobals) = postSolution
		SolutionGuid = {31F53302-0DD4-4CB5-BDF3-57947E1AAE2F}
	EndGlobalSection
EndGlobal
